
Microsoft Visual Studio Solution File, Format Version 12.00
# Visual Studio Version 16
VisualStudioVersion = 16.0.30717.126
MinimumVisualStudioVersion = 10.0.40219.1
Project("{FAE04EC0-301F-11D3-BF4B-00C04F79EFBC}") = "43-w2", "H106B143-w2\43-w2.csproj", "{80DBCDC7-AD10-4A65-9238-C55BEA862742}"
EndProject
Global
	GlobalSection(SolutionConfigurationPlatforms) = preSolution
		Debug|Any CPU = Debug|Any CPU
		Release|Any CPU = Release|Any CPU
	EndGlobalSection
	GlobalSection(ProjectConfigurationPlatforms) = postSolution
		{80DBCDC7-AD10-4A65-9238-C55BEA862742}.Debug|Any CPU.ActiveCfg = Debug|Any CPU
		{80DBCDC7-AD10-4A65-9238-C55BEA862742}.Debug|Any CPU.Build.0 = Debug|Any CPU
		{80DBCDC7-AD10-4A65-9238-C55BEA862742}.Release|Any CPU.ActiveCfg = Release|Any CPU
		{80DBCDC7-AD10-4A65-9238-C55BEA862742}.Release|Any CPU.Build.0 = Release|Any CPU
	EndGlobalSection
	GlobalSection(SolutionProperties) = preSolution
		HideSolutionNode = FALSE
	EndGlobalSection
	GlobalSection(ExtensibilityGlobals) = postSolution
		SolutionGuid = {77084C6E-CD0D-46C4-97D1-D98DDE30FB57}
	EndGlobalSection
EndGlobal
